<?xml version="1.0" encoding="utf-8"?>
<Project ToolsVersion="4.0" xmlns="http://schemas.microsoft.com/developer/msbuild/2003">
  <ItemGroup>
    <Filter Include="entities">
      <UniqueIdentifier>{93995380-89BD-4b04-88EB-625FBE52EBFB}</UniqueIdentifier>
      <Extensions>h;hh;hpp;hxx;hm;inl;inc;ipp;xsd</Extensions>
    </Filter>
    <Filter Include="entities\player">
      <UniqueIdentifier>{938f6ede-ae98-4849-b1c6-474816bab4e9}</UniqueIdentifier>
    </Filter>
    <Filter Include="entities\ball">
      <UniqueIdentifier>{278e273e-fc00-4bf2-a404-c8339a91dfcf}</UniqueIdentifier>
    </Filter>
    <Filter Include="entities\bricks">
      <UniqueIdentifier>{cec4bc1b-291e-4c83-8ea9-c9e0c1654acf}</UniqueIdentifier>
    </Filter>
    <Filter Include="main">
      <UniqueIdentifier>{4FC737F1-C7A5-4376-A066-2A32D752A2FF}</UniqueIdentifier>
      <Extensions>cpp;c;cc;cxx;def;odl;idl;hpj;bat;asm;asmx</Extensions>
    </Filter>
    <Filter Include="scenes">
      <UniqueIdentifier>{7d4475f7-f806-4bd1-ad20-1251e650a0ee}</UniqueIdentifier>
    </Filter>
    <Filter Include="scenes\mainMenu">
      <UniqueIdentifier>{fa067420-6c67-437a-a5f3-1097bd412493}</UniqueIdentifier>
    </Filter>
    <Filter Include="collisions">
      <UniqueIdentifier>{67DA6AB6-F800-4c08-8B7A-83BB121AAD01}</UniqueIdentifier>
      <Extensions>rc;ico;cur;bmp;dlg;rc2;rct;bin;rgs;gif;jpg;jpeg;jpe;resx;tiff;tif;png;wav;mfcribbon-ms</Extensions>
    </Filter>
    <Filter Include="scenes\credits">
      <UniqueIdentifier>{2c2e3c70-1ab1-45d3-ba2f-e2783d0c23b6}</UniqueIdentifier>
    </Filter>
  </ItemGroup>
  <ItemGroup>
    <ClCompile Include="Source.cpp">
      <Filter>main</Filter>
    </ClCompile>
    <ClCompile Include="collisions.cpp">
      <Filter>collisions</Filter>
    </ClCompile>
    <ClCompile Include="player.cpp">
      <Filter>entities\player</Filter>
    </ClCompile>
    <ClCompile Include="ball.cpp">
      <Filter>entities\ball</Filter>
    </ClCompile>
    <ClCompile Include="bricks.cpp">
      <Filter>entities\bricks</Filter>
    </ClCompile>
    <ClCompile Include="mainMenu.cpp">
      <Filter>scenes\mainMenu</Filter>
    </ClCompile>
    <ClCompile Include="credits.cpp">
      <Filter>scenes\credits</Filter>
    </ClCompile>
    <ClCompile Include="main.cpp" />
  </ItemGroup>
  <ItemGroup>
    <ClInclude Include="collisions.h">
      <Filter>collisions</Filter>
    </ClInclude>
    <ClInclude Include="player.h">
      <Filter>entities\player</Filter>
    </ClInclude>
    <ClInclude Include="ball.h">
      <Filter>entities\ball</Filter>
    </ClInclude>
    <ClInclude Include="bricks.h">
      <Filter>entities\bricks</Filter>
    </ClInclude>
    <ClInclude Include="mainMenu.h">
      <Filter>scenes\mainMenu</Filter>
    </ClInclude>
    <ClInclude Include="credits.h">
      <Filter>scenes\credits</Filter>
    </ClInclude>
    <ClInclude Include="Header.h">
      <Filter>main</Filter>
    </ClInclude>
  </ItemGroup>
</Project>