
Microsoft Visual Studio Solution File, Format Version 12.00
# Visual Studio 15
VisualStudioVersion = 15.0.28307.438
MinimumVisualStudioVersion = 10.0.40219.1
Project("{8BC9CEB8-8B4A-11D0-8D11-00A0C91BC942}") = "Project1", "Project1\Project1.vcxproj", "{BD8AE1E7-2F7F-4217-85B7-54D3DB63563B}"
EndProject
Global
	GlobalSection(SolutionConfigurationPlatforms) = preSolution
		Debug|x64 = Debug|x64
		Debug|x86 = Debug|x86
		Release|x64 = Release|x64
		Release|x86 = Release|x86
	EndGlobalSection
	GlobalSection(ProjectConfigurationPlatforms) = postSolution
		{BD8AE1E7-2F7F-4217-85B7-54D3DB63563B}.Debug|x64.ActiveCfg = Debug|x64
		{BD8AE1E7-2F7F-4217-85B7-54D3DB63563B}.Debug|x64.Build.0 = Debug|x64
		{BD8AE1E7-2F7F-4217-85B7-54D3DB63563B}.Debug|x86.ActiveCfg = Debug|Win32
		{BD8AE1E7-2F7F-4217-85B7-54D3DB63563B}.Debug|x86.Build.0 = Debug|Win32
		{BD8AE1E7-2F7F-4217-85B7-54D3DB63563B}.Release|x64.ActiveCfg = Release|x64
		{BD8AE1E7-2F7F-4217-85B7-54D3DB63563B}.Release|x64.Build.0 = Release|x64
		{BD8AE1E7-2F7F-4217-85B7-54D3DB63563B}.Release|x86.ActiveCfg = Release|Win32
		{BD8AE1E7-2F7F-4217-85B7-54D3DB63563B}.Release|x86.Build.0 = Release|Win32
	EndGlobalSection
	GlobalSection(SolutionProperties) = preSolution
		HideSolutionNode = FALSE
	EndGlobalSection
	GlobalSection(ExtensibilityGlobals) = postSolution
		SolutionGuid = {03D05C7E-A92E-4916-A547-24C6C0149309}
	EndGlobalSection
EndGlobal
