
Microsoft Visual Studio Solution File, Format Version 12.00
# Visual Studio 15
VisualStudioVersion = 15.0.28307.438
MinimumVisualStudioVersion = 10.0.40219.1
Project("{8BC9CEB8-8B4A-11D0-8D11-00A0C91BC942}") = "Project1", "Project1\Project1.vcxproj", "{53FD3127-A0F2-4E07-9113-52930E01F658}"
EndProject
Global
	GlobalSection(SolutionConfigurationPlatforms) = preSolution
		Debug|x64 = Debug|x64
		Debug|x86 = Debug|x86
		Release|x64 = Release|x64
		Release|x86 = Release|x86
	EndGlobalSection
	GlobalSection(ProjectConfigurationPlatforms) = postSolution
		{53FD3127-A0F2-4E07-9113-52930E01F658}.Debug|x64.ActiveCfg = Debug|x64
		{53FD3127-A0F2-4E07-9113-52930E01F658}.Debug|x64.Build.0 = Debug|x64
		{53FD3127-A0F2-4E07-9113-52930E01F658}.Debug|x86.ActiveCfg = Debug|Win32
		{53FD3127-A0F2-4E07-9113-52930E01F658}.Debug|x86.Build.0 = Debug|Win32
		{53FD3127-A0F2-4E07-9113-52930E01F658}.Release|x64.ActiveCfg = Release|x64
		{53FD3127-A0F2-4E07-9113-52930E01F658}.Release|x64.Build.0 = Release|x64
		{53FD3127-A0F2-4E07-9113-52930E01F658}.Release|x86.ActiveCfg = Release|Win32
		{53FD3127-A0F2-4E07-9113-52930E01F658}.Release|x86.Build.0 = Release|Win32
	EndGlobalSection
	GlobalSection(SolutionProperties) = preSolution
		HideSolutionNode = FALSE
	EndGlobalSection
	GlobalSection(ExtensibilityGlobals) = postSolution
		SolutionGuid = {A8416438-EA6C-4722-8E45-DB16BAD546B1}
	EndGlobalSection
EndGlobal
